
Microsoft Visual Studio Solution File, Format Version 12.00
# Visual Studio 2012
Project("{FAE04EC0-301F-11D3-BF4B-00C04F79EFBC}") = "Air Druims Connection", "Air Druims Connection\Air Druims Connection.csproj", "{5CB9573D-5A77-4061-A586-BB68FFBEE52A}"
EndProject
Global
	GlobalSection(SolutionConfigurationPlatforms) = preSolution
		Debug|Any CPU = Debug|Any CPU
		Release|Any CPU = Release|Any CPU
	EndGlobalSection
	GlobalSection(ProjectConfigurationPlatforms) = postSolution
		{5CB9573D-5A77-4061-A586-BB68FFBEE52A}.Debug|Any CPU.ActiveCfg = Debug|Any CPU
		{5CB9573D-5A77-4061-A586-BB68FFBEE52A}.Debug|Any CPU.Build.0 = Debug|Any CPU
		{5CB9573D-5A77-4061-A586-BB68FFBEE52A}.Release|Any CPU.ActiveCfg = Release|Any CPU
		{5CB9573D-5A77-4061-A586-BB68FFBEE52A}.Release|Any CPU.Build.0 = Release|Any CPU
	EndGlobalSection
	GlobalSection(SolutionProperties) = preSolution
		HideSolutionNode = FALSE
	EndGlobalSection
EndGlobal
